<?xml version="1.0" encoding="utf-8"?>
<Project ToolsVersion="4.0" xmlns="http://schemas.microsoft.com/developer/msbuild/2003">
  <ItemGroup>
    <Filter Include="源文件">
      <UniqueIdentifier>{4FC737F1-C7A5-4376-A066-2A32D752A2FF}</UniqueIdentifier>
      <Extensions>cpp;c;cc;cxx;def;odl;idl;hpj;bat;asm;asmx</Extensions>
    </Filter>
    <Filter Include="头文件">
      <UniqueIdentifier>{93995380-89BD-4b04-88EB-625FBE52EBFB}</UniqueIdentifier>
      <Extensions>h;hh;hpp;hxx;hm;inl;inc;xsd</Extensions>
    </Filter>
    <Filter Include="资源文件">
      <UniqueIdentifier>{67DA6AB6-F800-4c08-8B7A-83BB121AAD01}</UniqueIdentifier>
      <Extensions>rc;ico;cur;bmp;dlg;rc2;rct;bin;rgs;gif;jpg;jpeg;jpe;resx;tiff;tif;png;wav;mfcribbon-ms</Extensions>
    </Filter>
    <Filter Include="From Files">
      <UniqueIdentifier>{e2291106-ebf8-41e3-9252-455c99007eb0}</UniqueIdentifier>
    </Filter>
    <Filter Include="Generated Files">
      <UniqueIdentifier>{c0a2bddd-dbf6-467b-8b64-d79707e0723c}</UniqueIdentifier>
    </Filter>
    <Filter Include="Resource Files">
      <UniqueIdentifier>{b3eb0901-45b3-4ef8-85d5-78cb400adab5}</UniqueIdentifier>
    </Filter>
  </ItemGroup>
  <ItemGroup>
    <ClCompile Include="src\CircleFourLinkPipePoint.cpp">
      <Filter>源文件</Filter>
    </ClCompile>
    <ClCompile Include="src\CirclePipeLine.cpp">
      <Filter>源文件</Filter>
    </ClCompile>
    <ClCompile Include="src\CircleStraightLinkPipePoint.cpp">
      <Filter>源文件</Filter>
    </ClCompile>
    <ClCompile Include="src\CircleThreeLinkPipePoint.cpp">
      <Filter>源文件</Filter>
    </ClCompile>
    <ClCompile Include="src\CircleTwoLinkPipePoint.cpp">
      <Filter>源文件</Filter>
    </ClCompile>
    <ClCompile Include="src\Cuboid.cpp">
      <Filter>源文件</Filter>
    </ClCompile>
    <ClCompile Include="src\Cylinder.cpp">
      <Filter>源文件</Filter>
    </ClCompile>
    <ClCompile Include="src\main.cpp">
      <Filter>源文件</Filter>
    </ClCompile>
    <ClCompile Include="src\PipeFactory.cpp">
      <Filter>源文件</Filter>
    </ClCompile>
    <ClCompile Include="src\PipeLine.cpp">
      <Filter>源文件</Filter>
    </ClCompile>
    <ClCompile Include="src\PipePoint.cpp">
      <Filter>源文件</Filter>
    </ClCompile>
    <ClCompile Include="src\PipeUntility.cpp">
      <Filter>源文件</Filter>
    </ClCompile>
    <ClCompile Include="src\SquareFourLinkPipePoint.cpp">
      <Filter>源文件</Filter>
    </ClCompile>
    <ClCompile Include="src\SquarePipeLine.cpp">
      <Filter>源文件</Filter>
    </ClCompile>
    <ClCompile Include="src\SquareStraightLinkPipePoint.cpp">
      <Filter>源文件</Filter>
    </ClCompile>
    <ClCompile Include="src\SquareThreeLinkPipePoint.cpp">
      <Filter>源文件</Filter>
    </ClCompile>
    <ClCompile Include="src\SquareTwoLinkPipePoint.cpp">
      <Filter>源文件</Filter>
    </ClCompile>
    <ClCompile Include="src\GsGeospace3DQt.cpp">
      <Filter>源文件</Filter>
    </ClCompile>
    <ClCompile Include="src\PipeToolWindow.cpp">
      <Filter>源文件</Filter>
    </ClCompile>
    <ClCompile Include="GeneratedFiles\moc_PipeToolWindow.cpp">
      <Filter>Generated Files</Filter>
    </ClCompile>
    <ClCompile Include="GeneratedFiles\qrc_PipeToolRes.cpp">
      <Filter>Generated Files</Filter>
    </ClCompile>
    <ClCompile Include="src\ThreadObject.cpp">
      <Filter>源文件</Filter>
    </ClCompile>
    <ClCompile Include="GeneratedFiles\moc_ThreadObject.cpp">
      <Filter>Generated Files</Filter>
    </ClCompile>
    <ClCompile Include="src\ShowPipeWindow.cpp">
      <Filter>源文件</Filter>
    </ClCompile>
    <ClCompile Include="GeneratedFiles\moc_ShowPipeWindow.cpp">
      <Filter>Generated Files</Filter>
    </ClCompile>
    <ClCompile Include="src\GeoGlobleEvent.cpp">
      <Filter>源文件</Filter>
    </ClCompile>
    <ClCompile Include="src\obj\obj.cpp">
      <Filter>源文件</Filter>
    </ClCompile>
    <ClCompile Include="src\obj\OBJWriterNodeVisitor.cpp">
      <Filter>源文件</Filter>
    </ClCompile>
    <ClCompile Include="src\obj\ReaderWriterOBJ.cpp">
      <Filter>源文件</Filter>
    </ClCompile>
  </ItemGroup>
  <ItemGroup>
    <ClInclude Include="src\CircleFourLinkPipePoint.h">
      <Filter>头文件</Filter>
    </ClInclude>
    <ClInclude Include="src\CirclePipeLine.h">
      <Filter>头文件</Filter>
    </ClInclude>
    <ClInclude Include="src\CircleStraightLinkPipePoint.h">
      <Filter>头文件</Filter>
    </ClInclude>
    <ClInclude Include="src\CircleThreeLinkPipePoint.h">
      <Filter>头文件</Filter>
    </ClInclude>
    <ClInclude Include="src\CircleTwoLinkPipePoint.h">
      <Filter>头文件</Filter>
    </ClInclude>
    <ClInclude Include="src\Cuboid.h">
      <Filter>头文件</Filter>
    </ClInclude>
    <ClInclude Include="src\Cylinder.h">
      <Filter>头文件</Filter>
    </ClInclude>
    <ClInclude Include="src\PipeFactory.h">
      <Filter>头文件</Filter>
    </ClInclude>
    <ClInclude Include="src\PipeLine.h">
      <Filter>头文件</Filter>
    </ClInclude>
    <ClInclude Include="src\PipePoint.h">
      <Filter>头文件</Filter>
    </ClInclude>
    <ClInclude Include="src\PipeUntility.h">
      <Filter>头文件</Filter>
    </ClInclude>
    <ClInclude Include="src\SquareFourLinkPipePoint.h">
      <Filter>头文件</Filter>
    </ClInclude>
    <ClInclude Include="src\SquarePipeLine.h">
      <Filter>头文件</Filter>
    </ClInclude>
    <ClInclude Include="src\SquareStraightLinkPipePoint.h">
      <Filter>头文件</Filter>
    </ClInclude>
    <ClInclude Include="src\SquareThreeLinkPipePoint.h">
      <Filter>头文件</Filter>
    </ClInclude>
    <ClInclude Include="src\SquareTwoLinkPipePoint.h">
      <Filter>头文件</Filter>
    </ClInclude>
    <ClInclude Include="src\GsGeospace3DQt.h">
      <Filter>头文件</Filter>
    </ClInclude>
    <ClInclude Include="GeneratedFiles\ui_PipeToolWindow.h">
      <Filter>Generated Files</Filter>
    </ClInclude>
    <ClInclude Include="GeneratedFiles\ui_ShowPipeWindow.h">
      <Filter>Generated Files</Filter>
    </ClInclude>
    <ClInclude Include="src\GeoGlobleEvent.h">
      <Filter>头文件</Filter>
    </ClInclude>
    <ClInclude Include="src\obj\obj.h">
      <Filter>头文件</Filter>
    </ClInclude>
    <ClInclude Include="src\obj\OBJWriterNodeVisitor.h">
      <Filter>头文件</Filter>
    </ClInclude>
    <ClInclude Include="src\obj\ReaderWriterOBJ.h">
      <Filter>头文件</Filter>
    </ClInclude>
  </ItemGroup>
  <ItemGroup>
    <CustomBuild Include="src\PipeToolWindow.ui">
      <Filter>From Files</Filter>
    </CustomBuild>
    <CustomBuild Include="src\PipeToolWindow.h">
      <Filter>头文件</Filter>
    </CustomBuild>
    <CustomBuild Include="PipeToolRes.qrc">
      <Filter>Resource Files</Filter>
    </CustomBuild>
    <CustomBuild Include="src\ThreadObject.h">
      <Filter>头文件</Filter>
    </CustomBuild>
    <CustomBuild Include="src\ShowPipeWindow.ui">
      <Filter>From Files</Filter>
    </CustomBuild>
    <CustomBuild Include="src\ShowPipeWindow.h">
      <Filter>头文件</Filter>
    </CustomBuild>
  </ItemGroup>
</Project>